// !$*UTF8*$!
{
	archiveVersion = 1;
	classes = {
	};
	objectVersion = 56;
	objects = {

/* Begin PBXBuildFile section */
		68280CE62BFCE7B30021BB22 /* SomeFolderCheckBranch.swift in Sources */ = {isa = PBXBuildFile; fileRef = 68280CE52BFCE7B30021BB22 /* SomeFolderCheckBranch.swift */; };
		682AEA6D2C025792004B7302 /* Tab.swift in Sources */ = {isa = PBXBuildFile; fileRef = 682AEA6C2C025792004B7302 /* Tab.swift */; };
		682AEA6F2C02588E004B7302 /* ContentTanView.swift in Sources */ = {isa = PBXBuildFile; fileRef = 682AEA6E2C02588E004B7302 /* ContentTanView.swift */; };
		682F92742BFCD116009B66D8 /* StashScfyukCheckswift.swift in Sources */ = {isa = PBXBuildFile; fileRef = 682F92732BFCD116009B66D8 /* StashScfyukCheckswift.swift */; };
		683919092C011FA200D985F9 /* HackerTextView.swift in Sources */ = {isa = PBXBuildFile; fileRef = 683919082C011FA200D985F9 /* HackerTextView.swift */; };
		6839190B2C011FCC00D985F9 /* HuckerContentView.swift in Sources */ = {isa = PBXBuildFile; fileRef = 6839190A2C011FCC00D985F9 /* HuckerContentView.swift */; };
		68CC99BF2BFC83180024B616 /* SomeGitCheckWithMisstakesApp.swift in Sources */ = {isa = PBXBuildFile; fileRef = 68CC99BE2BFC83180024B616 /* SomeGitCheckWithMisstakesApp.swift */; };
		68CC99C12BFC83180024B616 /* ContentView.swift in Sources */ = {isa = PBXBuildFile; fileRef = 68CC99C02BFC83180024B616 /* ContentView.swift */; };
		68CC99C32BFC831A0024B616 /* Assets.xcassets in Resources */ = {isa = PBXBuildFile; fileRef = 68CC99C22BFC831A0024B616 /* Assets.xcassets */; };
		68CC99C72BFC831A0024B616 /* Preview Assets.xcassets in Resources */ = {isa = PBXBuildFile; fileRef = 68CC99C62BFC831A0024B616 /* Preview Assets.xcassets */; };
/* End PBXBuildFile section */

/* Begin PBXFileReference section */
		68280CE52BFCE7B30021BB22 /* SomeFolderCheckBranch.swift */ = {isa = PBXFileReference; lastKnownFileType = sourcecode.swift; path = SomeFolderCheckBranch.swift; sourceTree = "<group>"; };
		682AEA6C2C025792004B7302 /* Tab.swift */ = {isa = PBXFileReference; lastKnownFileType = sourcecode.swift; path = Tab.swift; sourceTree = "<group>"; };
		682AEA6E2C02588E004B7302 /* ContentTanView.swift */ = {isa = PBXFileReference; lastKnownFileType = sourcecode.swift; path = ContentTanView.swift; sourceTree = "<group>"; };
		682F92732BFCD116009B66D8 /* StashScfyukCheckswift.swift */ = {isa = PBXFileReference; lastKnownFileType = sourcecode.swift; path = StashScfyukCheckswift.swift; sourceTree = "<group>"; };
		683919082C011FA200D985F9 /* HackerTextView.swift */ = {isa = PBXFileReference; lastKnownFileType = sourcecode.swift; path = HackerTextView.swift; sourceTree = "<group>"; };
		6839190A2C011FCC00D985F9 /* HuckerContentView.swift */ = {isa = PBXFileReference; lastKnownFileType = sourcecode.swift; path = HuckerContentView.swift; sourceTree = "<group>"; };
		68CC99BB2BFC83180024B616 /* SomeGitCheckWithMisstakes.app */ = {isa = PBXFileReference; explicitFileType = wrapper.application; includeInIndex = 0; path = SomeGitCheckWithMisstakes.app; sourceTree = BUILT_PRODUCTS_DIR; };
		68CC99BE2BFC83180024B616 /* SomeGitCheckWithMisstakesApp.swift */ = {isa = PBXFileReference; lastKnownFileType = sourcecode.swift; path = SomeGitCheckWithMisstakesApp.swift; sourceTree = "<group>"; };
		68CC99C02BFC83180024B616 /* ContentView.swift */ = {isa = PBXFileReference; lastKnownFileType = sourcecode.swift; path = ContentView.swift; sourceTree = "<group>"; };
		68CC99C22BFC831A0024B616 /* Assets.xcassets */ = {isa = PBXFileReference; lastKnownFileType = folder.assetcatalog; path = Assets.xcassets; sourceTree = "<group>"; };
		68CC99C42BFC831A0024B616 /* SomeGitCheckWithMisstakes.entitlements */ = {isa = PBXFileReference; lastKnownFileType = text.plist.entitlements; path = SomeGitCheckWithMisstakes.entitlements; sourceTree = "<group>"; };
		68CC99C62BFC831A0024B616 /* Preview Assets.xcassets */ = {isa = PBXFileReference; lastKnownFileType = folder.assetcatalog; path = "Preview Assets.xcassets"; sourceTree = "<group>"; };
/* End PBXFileReference section */

/* Begin PBXFrameworksBuildPhase section */
		68CC99B82BFC83180024B616 /* Frameworks */ = {
			isa = PBXFrameworksBuildPhase;
			buildActionMask = 2147483647;
			files = (
			);
			runOnlyForDeploymentPostprocessing = 0;
		};
/* End PBXFrameworksBuildPhase section */

/* Begin PBXGroup section */
		682AEA6B2C025760004B7302 /* TabViewLesson */ = {
			isa = PBXGroup;
			children = (
				682AEA6C2C025792004B7302 /* Tab.swift */,
				682AEA6E2C02588E004B7302 /* ContentTanView.swift */,
			);
			path = TabViewLesson;
			sourceTree = "<group>";
		};
		683919072C011F8800D985F9 /* Hucker */ = {
			isa = PBXGroup;
			children = (
				6839190A2C011FCC00D985F9 /* HuckerContentView.swift */,
				683919082C011FA200D985F9 /* HackerTextView.swift */,
			);
			path = Hucker;
			sourceTree = "<group>";
		};
		68CC99B22BFC83180024B616 = {
			isa = PBXGroup;
			children = (
				68CC99BD2BFC83180024B616 /* SomeGitCheckWithMisstakes */,
				68CC99BC2BFC83180024B616 /* Products */,
			);
			sourceTree = "<group>";
		};
		68CC99BC2BFC83180024B616 /* Products */ = {
			isa = PBXGroup;
			children = (
				68CC99BB2BFC83180024B616 /* SomeGitCheckWithMisstakes.app */,
			);
			name = Products;
			sourceTree = "<group>";
		};
		68CC99BD2BFC83180024B616 /* SomeGitCheckWithMisstakes */ = {
			isa = PBXGroup;
			children = (
				682AEA6B2C025760004B7302 /* TabViewLesson */,
				683919072C011F8800D985F9 /* Hucker */,
				68CC99BE2BFC83180024B616 /* SomeGitCheckWithMisstakesApp.swift */,
				68CC99C02BFC83180024B616 /* ContentView.swift */,
				682F92732BFCD116009B66D8 /* StashScfyukCheckswift.swift */,
				68280CE52BFCE7B30021BB22 /* SomeFolderCheckBranch.swift */,
				68CC99C22BFC831A0024B616 /* Assets.xcassets */,
				68CC99C42BFC831A0024B616 /* SomeGitCheckWithMisstakes.entitlements */,
				68CC99C52BFC831A0024B616 /* Preview Content */,
			);
			path = SomeGitCheckWithMisstakes;
			sourceTree = "<group>";
		};
		68CC99C52BFC831A0024B616 /* Preview Content */ = {
			isa = PBXGroup;
			children = (
				68CC99C62BFC831A0024B616 /* Preview Assets.xcassets */,
			);
			path = "Preview Content";
			sourceTree = "<group>";
		};
/* End PBXGroup section */

/* Begin PBXNativeTarget section */
		68CC99BA2BFC83180024B616 /* SomeGitCheckWithMisstakes */ = {
			isa = PBXNativeTarget;
			buildConfigurationList = 68CC99CA2BFC831A0024B616 /* Build configuration list for PBXNativeTarget "SomeGitCheckWithMisstakes" */;
			buildPhases = (
				68CC99B72BFC83180024B616 /* Sources */,
				68CC99B82BFC83180024B616 /* Frameworks */,
				68CC99B92BFC83180024B616 /* Resources */,
			);
			buildRules = (
			);
			dependencies = (
			);
			name = SomeGitCheckWithMisstakes;
			productName = SomeGitCheckWithMisstakes;
			productReference = 68CC99BB2BFC83180024B616 /* SomeGitCheckWithMisstakes.app */;
			productType = "com.apple.product-type.application";
		};
/* End PBXNativeTarget section */

/* Begin PBXProject section */
		68CC99B32BFC83180024B616 /* Project object */ = {
			isa = PBXProject;
			attributes = {
				BuildIndependentTargetsInParallel = 1;
				LastSwiftUpdateCheck = 1540;
				LastUpgradeCheck = 1540;
				TargetAttributes = {
					68CC99BA2BFC83180024B616 = {
						CreatedOnToolsVersion = 15.4;
					};
				};
			};
			buildConfigurationList = 68CC99B62BFC83180024B616 /* Build configuration list for PBXProject "SomeGitCheckWithMisstakes" */;
			compatibilityVersion = "Xcode 14.0";
			developmentRegion = en;
			hasScannedForEncodings = 0;
			knownRegions = (
				en,
				Base,
			);
			mainGroup = 68CC99B22BFC83180024B616;
			productRefGroup = 68CC99BC2BFC83180024B616 /* Products */;
			projectDirPath = "";
			projectRoot = "";
			targets = (
				68CC99BA2BFC83180024B616 /* SomeGitCheckWithMisstakes */,
			);
		};
/* End PBXProject section */

/* Begin PBXResourcesBuildPhase section */
		68CC99B92BFC83180024B616 /* Resources */ = {
			isa = PBXResourcesBuildPhase;
			buildActionMask = 2147483647;
			files = (
				68CC99C72BFC831A0024B616 /* Preview Assets.xcassets in Resources */,
				68CC99C32BFC831A0024B616 /* Assets.xcassets in Resources */,
			);
			runOnlyForDeploymentPostprocessing = 0;
		};
/* End PBXResourcesBuildPhase section */

/* Begin PBXSourcesBuildPhase section */
		68CC99B72BFC83180024B616 /* Sources */ = {
			isa = PBXSourcesBuildPhase;
			buildActionMask = 2147483647;
			files = (
				682AEA6F2C02588E004B7302 /* ContentTanView.swift in Sources */,
				68CC99C12BFC83180024B616 /* ContentView.swift in Sources */,
				68CC99BF2BFC83180024B616 /* SomeGitCheckWithMisstakesApp.swift in Sources */,
				6839190B2C011FCC00D985F9 /* HuckerContentView.swift in Sources */,
				683919092C011FA200D985F9 /* HackerTextView.swift in Sources */,
				68280CE62BFCE7B30021BB22 /* SomeFolderCheckBranch.swift in Sources */,
				682F92742BFCD116009B66D8 /* StashScfyukCheckswift.swift in Sources */,
				682AEA6D2C025792004B7302 /* Tab.swift in Sources */,
			);
			runOnlyForDeploymentPostprocessing = 0;
		};
/* End PBXSourcesBuildPhase section */

/* Begin XCBuildConfiguration section */
		68CC99C82BFC831A0024B616 /* Debug */ = {
			isa = XCBuildConfiguration;
			buildSettings = {
				ALWAYS_SEARCH_USER_PATHS = NO;
				ASSETCATALOG_COMPILER_GENERATE_SWIFT_ASSET_SYMBOL_EXTENSIONS = YES;
				CLANG_ANALYZER_NONNULL = YES;
				CLANG_ANALYZER_NUMBER_OBJECT_CONVERSION = YES_AGGRESSIVE;
				CLANG_CXX_LANGUAGE_STANDARD = "gnu++20";
				CLANG_ENABLE_MODULES = YES;
				CLANG_ENABLE_OBJC_ARC = YES;
				CLANG_ENABLE_OBJC_WEAK = YES;
				CLANG_WARN_BLOCK_CAPTURE_AUTORELEASING = YES;
				CLANG_WARN_BOOL_CONVERSION = YES;
				CLANG_WARN_COMMA = YES;
				CLANG_WARN_CONSTANT_CONVERSION = YES;
				CLANG_WARN_DEPRECATED_OBJC_IMPLEMENTATIONS = YES;
				CLANG_WARN_DIRECT_OBJC_ISA_USAGE = YES_ERROR;
				CLANG_WARN_DOCUMENTATION_COMMENTS = YES;
				CLANG_WARN_EMPTY_BODY = YES;
				CLANG_WARN_ENUM_CONVERSION = YES;
				CLANG_WARN_INFINITE_RECURSION = YES;
				CLANG_WARN_INT_CONVERSION = YES;
				CLANG_WARN_NON_LITERAL_NULL_CONVERSION = YES;
				CLANG_WARN_OBJC_IMPLICIT_RETAIN_SELF = YES;
				CLANG_WARN_OBJC_LITERAL_CONVERSION = YES;
				CLANG_WARN_OBJC_ROOT_CLASS = YES_ERROR;
				CLANG_WARN_QUOTED_INCLUDE_IN_FRAMEWORK_HEADER = YES;
				CLANG_WARN_RANGE_LOOP_ANALYSIS = YES;
				CLANG_WARN_STRICT_PROTOTYPES = YES;
				CLANG_WARN_SUSPICIOUS_MOVE = YES;
				CLANG_WARN_UNGUARDED_AVAILABILITY = YES_AGGRESSIVE;
				CLANG_WARN_UNREACHABLE_CODE = YES;
				CLANG_WARN__DUPLICATE_METHOD_MATCH = YES;
				COPY_PHASE_STRIP = NO;
				DEBUG_INFORMATION_FORMAT = dwarf;
				ENABLE_STRICT_OBJC_MSGSEND = YES;
				ENABLE_TESTABILITY = YES;
				ENABLE_USER_SCRIPT_SANDBOXING = YES;
				GCC_C_LANGUAGE_STANDARD = gnu17;
				GCC_DYNAMIC_NO_PIC = NO;
				GCC_NO_COMMON_BLOCKS = YES;
				GCC_OPTIMIZATION_LEVEL = 0;
				GCC_PREPROCESSOR_DEFINITIONS = (
					"DEBUG=1",
					"$(inherited)",
				);
				GCC_WARN_64_TO_32_BIT_CONVERSION = YES;
				GCC_WARN_ABOUT_RETURN_TYPE = YES_ERROR;
				GCC_WARN_UNDECLARED_SELECTOR = YES;
				GCC_WARN_UNINITIALIZED_AUTOS = YES_AGGRESSIVE;
				GCC_WARN_UNUSED_FUNCTION = YES;
				GCC_WARN_UNUSED_VARIABLE = YES;
				LOCALIZATION_PREFERS_STRING_CATALOGS = YES;
				MTL_ENABLE_DEBUG_INFO = INCLUDE_SOURCE;
				MTL_FAST_MATH = YES;
				ONLY_ACTIVE_ARCH = YES;
				SWIFT_ACTIVE_COMPILATION_CONDITIONS = "DEBUG $(inherited)";
				SWIFT_OPTIMIZATION_LEVEL = "-Onone";
			};
			name = Debug;
		};
		68CC99C92BFC831A0024B616 /* Release */ = {
			isa = XCBuildConfiguration;
			buildSettings = {
				ALWAYS_SEARCH_USER_PATHS = NO;
				ASSETCATALOG_COMPILER_GENERATE_SWIFT_ASSET_SYMBOL_EXTENSIONS = YES;
				CLANG_ANALYZER_NONNULL = YES;
				CLANG_ANALYZER_NUMBER_OBJECT_CONVERSION = YES_AGGRESSIVE;
				CLANG_CXX_LANGUAGE_STANDARD = "gnu++20";
				CLANG_ENABLE_MODULES = YES;
				CLANG_ENABLE_OBJC_ARC = YES;
				CLANG_ENABLE_OBJC_WEAK = YES;
				CLANG_WARN_BLOCK_CAPTURE_AUTORELEASING = YES;
				CLANG_WARN_BOOL_CONVERSION = YES;
				CLANG_WARN_COMMA = YES;
				CLANG_WARN_CONSTANT_CONVERSION = YES;
				CLANG_WARN_DEPRECATED_OBJC_IMPLEMENTATIONS = YES;
				CLANG_WARN_DIRECT_OBJC_ISA_USAGE = YES_ERROR;
				CLANG_WARN_DOCUMENTATION_COMMENTS = YES;
				CLANG_WARN_EMPTY_BODY = YES;
				CLANG_WARN_ENUM_CONVERSION = YES;
				CLANG_WARN_INFINITE_RECURSION = YES;
				CLANG_WARN_INT_CONVERSION = YES;
				CLANG_WARN_NON_LITERAL_NULL_CONVERSION = YES;
				CLANG_WARN_OBJC_IMPLICIT_RETAIN_SELF = YES;
				CLANG_WARN_OBJC_LITERAL_CONVERSION = YES;
				CLANG_WARN_OBJC_ROOT_CLASS = YES_ERROR;
				CLANG_WARN_QUOTED_INCLUDE_IN_FRAMEWORK_HEADER = YES;
				CLANG_WARN_RANGE_LOOP_ANALYSIS = YES;
				CLANG_WARN_STRICT_PROTOTYPES = YES;
				CLANG_WARN_SUSPICIOUS_MOVE = YES;
				CLANG_WARN_UNGUARDED_AVAILABILITY = YES_AGGRESSIVE;
				CLANG_WARN_UNREACHABLE_CODE = YES;
				CLANG_WARN__DUPLICATE_METHOD_MATCH = YES;
				COPY_PHASE_STRIP = NO;
				DEBUG_INFORMATION_FORMAT = "dwarf-with-dsym";
				ENABLE_NS_ASSERTIONS = NO;
				ENABLE_STRICT_OBJC_MSGSEND = YES;
				ENABLE_USER_SCRIPT_SANDBOXING = YES;
				GCC_C_LANGUAGE_STANDARD = gnu17;
				GCC_NO_COMMON_BLOCKS = YES;
				GCC_WARN_64_TO_32_BIT_CONVERSION = YES;
				GCC_WARN_ABOUT_RETURN_TYPE = YES_ERROR;
				GCC_WARN_UNDECLARED_SELECTOR = YES;
				GCC_WARN_UNINITIALIZED_AUTOS = YES_AGGRESSIVE;
				GCC_WARN_UNUSED_FUNCTION = YES;
				GCC_WARN_UNUSED_VARIABLE = YES;
				LOCALIZATION_PREFERS_STRING_CATALOGS = YES;
				MTL_ENABLE_DEBUG_INFO = NO;
				MTL_FAST_MATH = YES;
				SWIFT_COMPILATION_MODE = wholemodule;
			};
			name = Release;
		};
		68CC99CB2BFC831A0024B616 /* Debug */ = {
			isa = XCBuildConfiguration;
			buildSettings = {
				ASSETCATALOG_COMPILER_APPICON_NAME = AppIcon;
				ASSETCATALOG_COMPILER_GLOBAL_ACCENT_COLOR_NAME = AccentColor;
				CODE_SIGN_ENTITLEMENTS = SomeGitCheckWithMisstakes/SomeGitCheckWithMisstakes.entitlements;
				CODE_SIGN_STYLE = Automatic;
				CURRENT_PROJECT_VERSION = 1;
				DEVELOPMENT_ASSET_PATHS = "\"SomeGitCheckWithMisstakes/Preview Content\"";
				DEVELOPMENT_TEAM = 5F72U244Z9;
				ENABLE_HARDENED_RUNTIME = YES;
				ENABLE_PREVIEWS = YES;
				GENERATE_INFOPLIST_FILE = YES;
				"INFOPLIST_KEY_UIApplicationSceneManifest_Generation[sdk=iphoneos*]" = YES;
				"INFOPLIST_KEY_UIApplicationSceneManifest_Generation[sdk=iphonesimulator*]" = YES;
				"INFOPLIST_KEY_UIApplicationSupportsIndirectInputEvents[sdk=iphoneos*]" = YES;
				"INFOPLIST_KEY_UIApplicationSupportsIndirectInputEvents[sdk=iphonesimulator*]" = YES;
				"INFOPLIST_KEY_UILaunchScreen_Generation[sdk=iphoneos*]" = YES;
				"INFOPLIST_KEY_UILaunchScreen_Generation[sdk=iphonesimulator*]" = YES;
				"INFOPLIST_KEY_UIStatusBarStyle[sdk=iphoneos*]" = UIStatusBarStyleDefault;
				"INFOPLIST_KEY_UIStatusBarStyle[sdk=iphonesimulator*]" = UIStatusBarStyleDefault;
				INFOPLIST_KEY_UISupportedInterfaceOrientations_iPad = "UIInterfaceOrientationPortrait UIInterfaceOrientationPortraitUpsideDown UIInterfaceOrientationLandscapeLeft UIInterfaceOrientationLandscapeRight";
				INFOPLIST_KEY_UISupportedInterfaceOrientations_iPhone = "UIInterfaceOrientationPortrait UIInterfaceOrientationLandscapeLeft UIInterfaceOrientationLandscapeRight";
				IPHONEOS_DEPLOYMENT_TARGET = 17.5;
				LD_RUNPATH_SEARCH_PATHS = "@executable_path/Frameworks";
				"LD_RUNPATH_SEARCH_PATHS[sdk=macosx*]" = "@executable_path/../Frameworks";
				MACOSX_DEPLOYMENT_TARGET = 14.5;
				MARKETING_VERSION = 1.0;
				PRODUCT_BUNDLE_IDENTIFIER = COmbine.SomeGitCheckWithMisstakes;
				PRODUCT_NAME = "$(TARGET_NAME)";
				SDKROOT = auto;
				SUPPORTED_PLATFORMS = "iphoneos iphonesimulator macosx";
				SWIFT_EMIT_LOC_STRINGS = YES;
				SWIFT_VERSION = 5.0;
				TARGETED_DEVICE_FAMILY = "1,2";
			};
			name = Debug;
		};
		68CC99CC2BFC831A0024B616 /* Release */ = {
			isa = XCBuildConfiguration;
			buildSettings = {
				ASSETCATALOG_COMPILER_APPICON_NAME = AppIcon;
				ASSETCATALOG_COMPILER_GLOBAL_ACCENT_COLOR_NAME = AccentColor;
				CODE_SIGN_ENTITLEMENTS = SomeGitCheckWithMisstakes/SomeGitCheckWithMisstakes.entitlements;
				CODE_SIGN_STYLE = Automatic;
				CURRENT_PROJECT_VERSION = 1;
				DEVELOPMENT_ASSET_PATHS = "\"SomeGitCheckWithMisstakes/Preview Content\"";
				DEVELOPMENT_TEAM = 5F72U244Z9;
				ENABLE_HARDENED_RUNTIME = YES;
				ENABLE_PREVIEWS = YES;
				GENERATE_INFOPLIST_FILE = YES;
				"INFOPLIST_KEY_UIApplicationSceneManifest_Generation[sdk=iphoneos*]" = YES;
				"INFOPLIST_KEY_UIApplicationSceneManifest_Generation[sdk=iphonesimulator*]" = YES;
				"INFOPLIST_KEY_UIApplicationSupportsIndirectInputEvents[sdk=iphoneos*]" = YES;
				"INFOPLIST_KEY_UIApplicationSupportsIndirectInputEvents[sdk=iphonesimulator*]" = YES;
				"INFOPLIST_KEY_UILaunchScreen_Generation[sdk=iphoneos*]" = YES;
				"INFOPLIST_KEY_UILaunchScreen_Generation[sdk=iphonesimulator*]" = YES;
				"INFOPLIST_KEY_UIStatusBarStyle[sdk=iphoneos*]" = UIStatusBarStyleDefault;
				"INFOPLIST_KEY_UIStatusBarStyle[sdk=iphonesimulator*]" = UIStatusBarStyleDefault;
				INFOPLIST_KEY_UISupportedInterfaceOrientations_iPad = "UIInterfaceOrientationPortrait UIInterfaceOrientationPortraitUpsideDown UIInterfaceOrientationLandscapeLeft UIInterfaceOrientationLandscapeRight";
				INFOPLIST_KEY_UISupportedInterfaceOrientations_iPhone = "UIInterfaceOrientationPortrait UIInterfaceOrientationLandscapeLeft UIInterfaceOrientationLandscapeRight";
				IPHONEOS_DEPLOYMENT_TARGET = 17.5;
				LD_RUNPATH_SEARCH_PATHS = "@executable_path/Frameworks";
				"LD_RUNPATH_SEARCH_PATHS[sdk=macosx*]" = "@executable_path/../Frameworks";
				MACOSX_DEPLOYMENT_TARGET = 14.5;
				MARKETING_VERSION = 1.0;
				PRODUCT_BUNDLE_IDENTIFIER = COmbine.SomeGitCheckWithMisstakes;
				PRODUCT_NAME = "$(TARGET_NAME)";
				SDKROOT = auto;
				SUPPORTED_PLATFORMS = "iphoneos iphonesimulator macosx";
				SWIFT_EMIT_LOC_STRINGS = YES;
				SWIFT_VERSION = 5.0;
				TARGETED_DEVICE_FAMILY = "1,2";
			};
			name = Release;
		};
/* End XCBuildConfiguration section */

/* Begin XCConfigurationList section */
		68CC99B62BFC83180024B616 /* Build configuration list for PBXProject "SomeGitCheckWithMisstakes" */ = {
			isa = XCConfigurationList;
			buildConfigurations = (
				68CC99C82BFC831A0024B616 /* Debug */,
				68CC99C92BFC831A0024B616 /* Release */,
			);
			defaultConfigurationIsVisible = 0;
			defaultConfigurationName = Release;
		};
		68CC99CA2BFC831A0024B616 /* Build configuration list for PBXNativeTarget "SomeGitCheckWithMisstakes" */ = {
			isa = XCConfigurationList;
			buildConfigurations = (
				68CC99CB2BFC831A0024B616 /* Debug */,
				68CC99CC2BFC831A0024B616 /* Release */,
			);
			defaultConfigurationIsVisible = 0;
			defaultConfigurationName = Release;
		};
/* End XCConfigurationList section */
	};
	rootObject = 68CC99B32BFC83180024B616 /* Project object */;
}
